// !$*UTF8*$!
{
	archiveVersion = 1;
	classes = {
	};
	objectVersion = 50;
	objects = {

/* Begin PBXBuildFile section */
		5E0664A52260D184006BD894 /* AppDelegate.swift in Sources */ = {isa = PBXBuildFile; fileRef = 5E0664A42260D184006BD894 /* AppDelegate.swift */; };
		5E0664A72260D184006BD894 /* TravelLocationsMapViewController.swift in Sources */ = {isa = PBXBuildFile; fileRef = 5E0664A62260D184006BD894 /* TravelLocationsMapViewController.swift */; };
		5E0664AA2260D184006BD894 /* Main.storyboard in Resources */ = {isa = PBXBuildFile; fileRef = 5E0664A82260D184006BD894 /* Main.storyboard */; };
		5E0664AC2260D18A006BD894 /* Assets.xcassets in Resources */ = {isa = PBXBuildFile; fileRef = 5E0664AB2260D18A006BD894 /* Assets.xcassets */; };
		5E0664AF2260D18A006BD894 /* LaunchScreen.storyboard in Resources */ = {isa = PBXBuildFile; fileRef = 5E0664AD2260D18A006BD894 /* LaunchScreen.storyboard */; };
		5E0664B72260D1F3006BD894 /* PhotoAlbumViewController.swift in Sources */ = {isa = PBXBuildFile; fileRef = 5E0664B62260D1F3006BD894 /* PhotoAlbumViewController.swift */; };
		5E0664BE2260D2BA006BD894 /* FlickrClient.swift in Sources */ = {isa = PBXBuildFile; fileRef = 5E0664BD2260D2BA006BD894 /* FlickrClient.swift */; };
		5E0DCE85226A154E00170740 /* VirtualTourist.xcdatamodeld in Sources */ = {isa = PBXBuildFile; fileRef = 5E0DCE83226A154E00170740 /* VirtualTourist.xcdatamodeld */; };
		5E0DCE87226A23E900170740 /* DataController.swift in Sources */ = {isa = PBXBuildFile; fileRef = 5E0DCE86226A23E900170740 /* DataController.swift */; };
		5E0DCE89226A424A00170740 /* ImageUrl.swift in Sources */ = {isa = PBXBuildFile; fileRef = 5E0DCE88226A424A00170740 /* ImageUrl.swift */; };
		5E0DCE8E226A5F6500170740 /* ViewEntension.swift in Sources */ = {isa = PBXBuildFile; fileRef = 5E0DCE8D226A5F6500170740 /* ViewEntension.swift */; };
		5E0DCE90226A61D200170740 /* PhotoCell.swift in Sources */ = {isa = PBXBuildFile; fileRef = 5E0DCE8F226A61D200170740 /* PhotoCell.swift */; };
		B90E9DAF680D76A99530DB87 /* Pods_Virtual_Tourist.framework in Frameworks */ = {isa = PBXBuildFile; fileRef = DD31B581D276B9731E661BDB /* Pods_Virtual_Tourist.framework */; };
/* End PBXBuildFile section */

/* Begin PBXFileReference section */
		5E0664A12260D184006BD894 /* Virtual Tourist.app */ = {isa = PBXFileReference; explicitFileType = wrapper.application; includeInIndex = 0; path = "Virtual Tourist.app"; sourceTree = BUILT_PRODUCTS_DIR; };
		5E0664A42260D184006BD894 /* AppDelegate.swift */ = {isa = PBXFileReference; lastKnownFileType = sourcecode.swift; path = AppDelegate.swift; sourceTree = "<group>"; };
		5E0664A62260D184006BD894 /* TravelLocationsMapViewController.swift */ = {isa = PBXFileReference; lastKnownFileType = sourcecode.swift; path = TravelLocationsMapViewController.swift; sourceTree = "<group>"; };
		5E0664A92260D184006BD894 /* Base */ = {isa = PBXFileReference; lastKnownFileType = file.storyboard; name = Base; path = Base.lproj/Main.storyboard; sourceTree = "<group>"; };
		5E0664AB2260D18A006BD894 /* Assets.xcassets */ = {isa = PBXFileReference; lastKnownFileType = folder.assetcatalog; path = Assets.xcassets; sourceTree = "<group>"; };
		5E0664AE2260D18A006BD894 /* Base */ = {isa = PBXFileReference; lastKnownFileType = file.storyboard; name = Base; path = Base.lproj/LaunchScreen.storyboard; sourceTree = "<group>"; };
		5E0664B02260D18A006BD894 /* Info.plist */ = {isa = PBXFileReference; lastKnownFileType = text.plist.xml; path = Info.plist; sourceTree = "<group>"; };
		5E0664B62260D1F3006BD894 /* PhotoAlbumViewController.swift */ = {isa = PBXFileReference; lastKnownFileType = sourcecode.swift; path = PhotoAlbumViewController.swift; sourceTree = "<group>"; };
		5E0664BD2260D2BA006BD894 /* FlickrClient.swift */ = {isa = PBXFileReference; lastKnownFileType = sourcecode.swift; path = FlickrClient.swift; sourceTree = "<group>"; };
		5E0DCE84226A154E00170740 /* VirtualTourist.xcdatamodel */ = {isa = PBXFileReference; lastKnownFileType = wrapper.xcdatamodel; path = VirtualTourist.xcdatamodel; sourceTree = "<group>"; };
		5E0DCE86226A23E900170740 /* DataController.swift */ = {isa = PBXFileReference; lastKnownFileType = sourcecode.swift; path = DataController.swift; sourceTree = "<group>"; };
		5E0DCE88226A424A00170740 /* ImageUrl.swift */ = {isa = PBXFileReference; lastKnownFileType = sourcecode.swift; path = ImageUrl.swift; sourceTree = "<group>"; };
		5E0DCE8D226A5F6500170740 /* ViewEntension.swift */ = {isa = PBXFileReference; lastKnownFileType = sourcecode.swift; path = ViewEntension.swift; sourceTree = "<group>"; };
		5E0DCE8F226A61D200170740 /* PhotoCell.swift */ = {isa = PBXFileReference; lastKnownFileType = sourcecode.swift; path = PhotoCell.swift; sourceTree = "<group>"; };
		7642FC938F157D3455DC4B63 /* Pods-Virtual Tourist.release.xcconfig */ = {isa = PBXFileReference; includeInIndex = 1; lastKnownFileType = text.xcconfig; name = "Pods-Virtual Tourist.release.xcconfig"; path = "Target Support Files/Pods-Virtual Tourist/Pods-Virtual Tourist.release.xcconfig"; sourceTree = "<group>"; };
		DD31B581D276B9731E661BDB /* Pods_Virtual_Tourist.framework */ = {isa = PBXFileReference; explicitFileType = wrapper.framework; includeInIndex = 0; path = Pods_Virtual_Tourist.framework; sourceTree = BUILT_PRODUCTS_DIR; };
		EABD185D3C503F16AFD0FC77 /* Pods-Virtual Tourist.debug.xcconfig */ = {isa = PBXFileReference; includeInIndex = 1; lastKnownFileType = text.xcconfig; name = "Pods-Virtual Tourist.debug.xcconfig"; path = "Target Support Files/Pods-Virtual Tourist/Pods-Virtual Tourist.debug.xcconfig"; sourceTree = "<group>"; };
/* End PBXFileReference section */

/* Begin PBXFrameworksBuildPhase section */
		5E06649E2260D184006BD894 /* Frameworks */ = {
			isa = PBXFrameworksBuildPhase;
			buildActionMask = 2147483647;
			files = (
				B90E9DAF680D76A99530DB87 /* Pods_Virtual_Tourist.framework in Frameworks */,
			);
			runOnlyForDeploymentPostprocessing = 0;
		};
/* End PBXFrameworksBuildPhase section */

/* Begin PBXGroup section */
		3A952ED17DF31EE5A35C1ECD /* Frameworks */ = {
			isa = PBXGroup;
			children = (
				DD31B581D276B9731E661BDB /* Pods_Virtual_Tourist.framework */,
			);
			name = Frameworks;
			sourceTree = "<group>";
		};
		5E0664982260D184006BD894 = {
			isa = PBXGroup;
			children = (
				5E0664A32260D184006BD894 /* Virtual Tourist */,
				5E0664A22260D184006BD894 /* Products */,
				A70824C4CA30C660193BF2A3 /* Pods */,
				3A952ED17DF31EE5A35C1ECD /* Frameworks */,
			);
			sourceTree = "<group>";
		};
		5E0664A22260D184006BD894 /* Products */ = {
			isa = PBXGroup;
			children = (
				5E0664A12260D184006BD894 /* Virtual Tourist.app */,
			);
			name = Products;
			sourceTree = "<group>";
		};
		5E0664A32260D184006BD894 /* Virtual Tourist */ = {
			isa = PBXGroup;
			children = (
				5E0664BB2260D28B006BD894 /* Model */,
				5E0664B92260D27A006BD894 /* View */,
				5E0664B82260D25A006BD894 /* Controller */,
				5E0664B02260D18A006BD894 /* Info.plist */,
			);
			path = "Virtual Tourist";
			sourceTree = "<group>";
		};
		5E0664B82260D25A006BD894 /* Controller */ = {
			isa = PBXGroup;
			children = (
				5E0664A62260D184006BD894 /* TravelLocationsMapViewController.swift */,
				5E0664B62260D1F3006BD894 /* PhotoAlbumViewController.swift */,
			);
			path = Controller;
			sourceTree = "<group>";
		};
		5E0664B92260D27A006BD894 /* View */ = {
			isa = PBXGroup;
			children = (
				5E0664A82260D184006BD894 /* Main.storyboard */,
				5E0664AB2260D18A006BD894 /* Assets.xcassets */,
				5E0664AD2260D18A006BD894 /* LaunchScreen.storyboard */,
				5E0DCE8D226A5F6500170740 /* ViewEntension.swift */,
				5E0DCE8F226A61D200170740 /* PhotoCell.swift */,
			);
			path = View;
			sourceTree = "<group>";
		};
		5E0664BB2260D28B006BD894 /* Model */ = {
			isa = PBXGroup;
			children = (
				5E0664A42260D184006BD894 /* AppDelegate.swift */,
				5E0664BD2260D2BA006BD894 /* FlickrClient.swift */,
				5E0DCE88226A424A00170740 /* ImageUrl.swift */,
				5E0DCE83226A154E00170740 /* VirtualTourist.xcdatamodeld */,
				5E0DCE86226A23E900170740 /* DataController.swift */,
			);
			path = Model;
			sourceTree = "<group>";
		};
		A70824C4CA30C660193BF2A3 /* Pods */ = {
			isa = PBXGroup;
			children = (
				EABD185D3C503F16AFD0FC77 /* Pods-Virtual Tourist.debug.xcconfig */,
				7642FC938F157D3455DC4B63 /* Pods-Virtual Tourist.release.xcconfig */,
			);
			path = Pods;
			sourceTree = "<group>";
		};
/* End PBXGroup section */

/* Begin PBXNativeTarget section */
		5E0664A02260D184006BD894 /* Virtual Tourist */ = {
			isa = PBXNativeTarget;
			buildConfigurationList = 5E0664B32260D18A006BD894 /* Build configuration list for PBXNativeTarget "Virtual Tourist" */;
			buildPhases = (
				F4F373C4D8C9EF9B5DBBBA25 /* [CP] Check Pods Manifest.lock */,
				5E06649D2260D184006BD894 /* Sources */,
				5E06649E2260D184006BD894 /* Frameworks */,
				5E06649F2260D184006BD894 /* Resources */,
				C69207B24A8A931ECB5E995F /* [CP] Embed Pods Frameworks */,
			);
			buildRules = (
			);
			dependencies = (
			);
			name = "Virtual Tourist";
			productName = "Virtual Tourist";
			productReference = 5E0664A12260D184006BD894 /* Virtual Tourist.app */;
			productType = "com.apple.product-type.application";
		};
/* End PBXNativeTarget section */

/* Begin PBXProject section */
		5E0664992260D184006BD894 /* Project object */ = {
			isa = PBXProject;
			attributes = {
				LastSwiftUpdateCheck = 1010;
				LastUpgradeCheck = 1010;
				ORGANIZATIONNAME = el3ankaboot;
				TargetAttributes = {
					5E0664A02260D184006BD894 = {
						CreatedOnToolsVersion = 10.1;
					};
				};
			};
			buildConfigurationList = 5E06649C2260D184006BD894 /* Build configuration list for PBXProject "Virtual Tourist" */;
			compatibilityVersion = "Xcode 9.3";
			developmentRegion = en;
			hasScannedForEncodings = 0;
			knownRegions = (
				en,
				Base,
			);
			mainGroup = 5E0664982260D184006BD894;
			productRefGroup = 5E0664A22260D184006BD894 /* Products */;
			projectDirPath = "";
			projectRoot = "";
			targets = (
				5E0664A02260D184006BD894 /* Virtual Tourist */,
			);
		};
/* End PBXProject section */

/* Begin PBXResourcesBuildPhase section */
		5E06649F2260D184006BD894 /* Resources */ = {
			isa = PBXResourcesBuildPhase;
			buildActionMask = 2147483647;
			files = (
				5E0664AF2260D18A006BD894 /* LaunchScreen.storyboard in Resources */,
				5E0664AC2260D18A006BD894 /* Assets.xcassets in Resources */,
				5E0664AA2260D184006BD894 /* Main.storyboard in Resources */,
			);
			runOnlyForDeploymentPostprocessing = 0;
		};
/* End PBXResourcesBuildPhase section */

/* Begin PBXShellScriptBuildPhase section */
		C69207B24A8A931ECB5E995F /* [CP] Embed Pods Frameworks */ = {
			isa = PBXShellScriptBuildPhase;
			buildActionMask = 2147483647;
			files = (
			);
			inputFileListPaths = (
			);
			inputPaths = (
				"${PODS_ROOT}/Target Support Files/Pods-Virtual Tourist/Pods-Virtual Tourist-frameworks.sh",
				"${BUILT_PRODUCTS_DIR}/Alamofire/Alamofire.framework",
				"${BUILT_PRODUCTS_DIR}/SwiftyJSON/SwiftyJSON.framework",
			);
			name = "[CP] Embed Pods Frameworks";
			outputFileListPaths = (
			);
			outputPaths = (
				"${TARGET_BUILD_DIR}/${FRAMEWORKS_FOLDER_PATH}/Alamofire.framework",
				"${TARGET_BUILD_DIR}/${FRAMEWORKS_FOLDER_PATH}/SwiftyJSON.framework",
			);
			runOnlyForDeploymentPostprocessing = 0;
			shellPath = /bin/sh;
			shellScript = "\"${PODS_ROOT}/Target Support Files/Pods-Virtual Tourist/Pods-Virtual Tourist-frameworks.sh\"\n";
			showEnvVarsInLog = 0;
		};
		F4F373C4D8C9EF9B5DBBBA25 /* [CP] Check Pods Manifest.lock */ = {
			isa = PBXShellScriptBuildPhase;
			buildActionMask = 2147483647;
			files = (
			);
			inputFileListPaths = (
			);
			inputPaths = (
				"${PODS_PODFILE_DIR_PATH}/Podfile.lock",
				"${PODS_ROOT}/Manifest.lock",
			);
			name = "[CP] Check Pods Manifest.lock";
			outputFileListPaths = (
			);
			outputPaths = (
				"$(DERIVED_FILE_DIR)/Pods-Virtual Tourist-checkManifestLockResult.txt",
			);
			runOnlyForDeploymentPostprocessing = 0;
			shellPath = /bin/sh;
			shellScript = "diff \"${PODS_PODFILE_DIR_PATH}/Podfile.lock\" \"${PODS_ROOT}/Manifest.lock\" > /dev/null\nif [ $? != 0 ] ; then\n    # print error to STDERR\n    echo \"error: The sandbox is not in sync with the Podfile.lock. Run 'pod install' or update your CocoaPods installation.\" >&2\n    exit 1\nfi\n# This output is used by Xcode 'outputs' to avoid re-running this script phase.\necho \"SUCCESS\" > \"${SCRIPT_OUTPUT_FILE_0}\"\n";
			showEnvVarsInLog = 0;
		};
/* End PBXShellScriptBuildPhase section */

/* Begin PBXSourcesBuildPhase section */
		5E06649D2260D184006BD894 /* Sources */ = {
			isa = PBXSourcesBuildPhase;
			buildActionMask = 2147483647;
			files = (
				5E0664A72260D184006BD894 /* TravelLocationsMapViewController.swift in Sources */,
				5E0DCE90226A61D200170740 /* PhotoCell.swift in Sources */,
				5E0DCE87226A23E900170740 /* DataController.swift in Sources */,
				5E0DCE85226A154E00170740 /* VirtualTourist.xcdatamodeld in Sources */,
				5E0DCE89226A424A00170740 /* ImageUrl.swift in Sources */,
				5E0DCE8E226A5F6500170740 /* ViewEntension.swift in Sources */,
				5E0664A52260D184006BD894 /* AppDelegate.swift in Sources */,
				5E0664B72260D1F3006BD894 /* PhotoAlbumViewController.swift in Sources */,
				5E0664BE2260D2BA006BD894 /* FlickrClient.swift in Sources */,
			);
			runOnlyForDeploymentPostprocessing = 0;
		};
/* End PBXSourcesBuildPhase section */

/* Begin PBXVariantGroup section */
		5E0664A82260D184006BD894 /* Main.storyboard */ = {
			isa = PBXVariantGroup;
			children = (
				5E0664A92260D184006BD894 /* Base */,
			);
			name = Main.storyboard;
			sourceTree = "<group>";
		};
		5E0664AD2260D18A006BD894 /* LaunchScreen.storyboard */ = {
			isa = PBXVariantGroup;
			children = (
				5E0664AE2260D18A006BD894 /* Base */,
			);
			name = LaunchScreen.storyboard;
			sourceTree = "<group>";
		};
/* End PBXVariantGroup section */

/* Begin XCBuildConfiguration section */
		5E0664B12260D18A006BD894 /* Debug */ = {
			isa = XCBuildConfiguration;
			buildSettings = {
				ALWAYS_SEARCH_USER_PATHS = NO;
				CLANG_ANALYZER_NONNULL = YES;
				CLANG_ANALYZER_NUMBER_OBJECT_CONVERSION = YES_AGGRESSIVE;
				CLANG_CXX_LANGUAGE_STANDARD = "gnu++14";
				CLANG_CXX_LIBRARY = "libc++";
				CLANG_ENABLE_MODULES = YES;
				CLANG_ENABLE_OBJC_ARC = YES;
				CLANG_ENABLE_OBJC_WEAK = YES;
				CLANG_WARN_BLOCK_CAPTURE_AUTORELEASING = YES;
				CLANG_WARN_BOOL_CONVERSION = YES;
				CLANG_WARN_COMMA = YES;
				CLANG_WARN_CONSTANT_CONVERSION = YES;
				CLANG_WARN_DEPRECATED_OBJC_IMPLEMENTATIONS = YES;
				CLANG_WARN_DIRECT_OBJC_ISA_USAGE = YES_ERROR;
				CLANG_WARN_DOCUMENTATION_COMMENTS = YES;
				CLANG_WARN_EMPTY_BODY = YES;
				CLANG_WARN_ENUM_CONVERSION = YES;
				CLANG_WARN_INFINITE_RECURSION = YES;
				CLANG_WARN_INT_CONVERSION = YES;
				CLANG_WARN_NON_LITERAL_NULL_CONVERSION = YES;
				CLANG_WARN_OBJC_IMPLICIT_RETAIN_SELF = YES;
				CLANG_WARN_OBJC_LITERAL_CONVERSION = YES;
				CLANG_WARN_OBJC_ROOT_CLASS = YES_ERROR;
				CLANG_WARN_RANGE_LOOP_ANALYSIS = YES;
				CLANG_WARN_STRICT_PROTOTYPES = YES;
				CLANG_WARN_SUSPICIOUS_MOVE = YES;
				CLANG_WARN_UNGUARDED_AVAILABILITY = YES_AGGRESSIVE;
				CLANG_WARN_UNREACHABLE_CODE = YES;
				CLANG_WARN__DUPLICATE_METHOD_MATCH = YES;
				CODE_SIGN_IDENTITY = "iPhone Developer";
				COPY_PHASE_STRIP = NO;
				DEBUG_INFORMATION_FORMAT = dwarf;
				ENABLE_STRICT_OBJC_MSGSEND = YES;
				ENABLE_TESTABILITY = YES;
				GCC_C_LANGUAGE_STANDARD = gnu11;
				GCC_DYNAMIC_NO_PIC = NO;
				GCC_NO_COMMON_BLOCKS = YES;
				GCC_OPTIMIZATION_LEVEL = 0;
				GCC_PREPROCESSOR_DEFINITIONS = (
					"DEBUG=1",
					"$(inherited)",
				);
				GCC_WARN_64_TO_32_BIT_CONVERSION = YES;
				GCC_WARN_ABOUT_RETURN_TYPE = YES_ERROR;
				GCC_WARN_UNDECLARED_SELECTOR = YES;
				GCC_WARN_UNINITIALIZED_AUTOS = YES_AGGRESSIVE;
				GCC_WARN_UNUSED_FUNCTION = YES;
				GCC_WARN_UNUSED_VARIABLE = YES;
				IPHONEOS_DEPLOYMENT_TARGET = 12.1;
				MTL_ENABLE_DEBUG_INFO = INCLUDE_SOURCE;
				MTL_FAST_MATH = YES;
				ONLY_ACTIVE_ARCH = YES;
				SDKROOT = iphoneos;
				SWIFT_ACTIVE_COMPILATION_CONDITIONS = DEBUG;
				SWIFT_OPTIMIZATION_LEVEL = "-Onone";
			};
			name = Debug;
		};
		5E0664B22260D18A006BD894 /* Release */ = {
			isa = XCBuildConfiguration;
			buildSettings = {
				ALWAYS_SEARCH_USER_PATHS = NO;
				CLANG_ANALYZER_NONNULL = YES;
				CLANG_ANALYZER_NUMBER_OBJECT_CONVERSION = YES_AGGRESSIVE;
				CLANG_CXX_LANGUAGE_STANDARD = "gnu++14";
				CLANG_CXX_LIBRARY = "libc++";
				CLANG_ENABLE_MODULES = YES;
				CLANG_ENABLE_OBJC_ARC = YES;
				CLANG_ENABLE_OBJC_WEAK = YES;
				CLANG_WARN_BLOCK_CAPTURE_AUTORELEASING = YES;
				CLANG_WARN_BOOL_CONVERSION = YES;
				CLANG_WARN_COMMA = YES;
				CLANG_WARN_CONSTANT_CONVERSION = YES;
				CLANG_WARN_DEPRECATED_OBJC_IMPLEMENTATIONS = YES;
				CLANG_WARN_DIRECT_OBJC_ISA_USAGE = YES_ERROR;
				CLANG_WARN_DOCUMENTATION_COMMENTS = YES;
				CLANG_WARN_EMPTY_BODY = YES;
				CLANG_WARN_ENUM_CONVERSION = YES;
				CLANG_WARN_INFINITE_RECURSION = YES;
				CLANG_WARN_INT_CONVERSION = YES;
				CLANG_WARN_NON_LITERAL_NULL_CONVERSION = YES;
				CLANG_WARN_OBJC_IMPLICIT_RETAIN_SELF = YES;
				CLANG_WARN_OBJC_LITERAL_CONVERSION = YES;
				CLANG_WARN_OBJC_ROOT_CLASS = YES_ERROR;
				CLANG_WARN_RANGE_LOOP_ANALYSIS = YES;
				CLANG_WARN_STRICT_PROTOTYPES = YES;
				CLANG_WARN_SUSPICIOUS_MOVE = YES;
				CLANG_WARN_UNGUARDED_AVAILABILITY = YES_AGGRESSIVE;
				CLANG_WARN_UNREACHABLE_CODE = YES;
				CLANG_WARN__DUPLICATE_METHOD_MATCH = YES;
				CODE_SIGN_IDENTITY = "iPhone Developer";
				COPY_PHASE_STRIP = NO;
				DEBUG_INFORMATION_FORMAT = "dwarf-with-dsym";
				ENABLE_NS_ASSERTIONS = NO;
				ENABLE_STRICT_OBJC_MSGSEND = YES;
				GCC_C_LANGUAGE_STANDARD = gnu11;
				GCC_NO_COMMON_BLOCKS = YES;
				GCC_WARN_64_TO_32_BIT_CONVERSION = YES;
				GCC_WARN_ABOUT_RETURN_TYPE = YES_ERROR;
				GCC_WARN_UNDECLARED_SELECTOR = YES;
				GCC_WARN_UNINITIALIZED_AUTOS = YES_AGGRESSIVE;
				GCC_WARN_UNUSED_FUNCTION = YES;
				GCC_WARN_UNUSED_VARIABLE = YES;
				IPHONEOS_DEPLOYMENT_TARGET = 12.1;
				MTL_ENABLE_DEBUG_INFO = NO;
				MTL_FAST_MATH = YES;
				SDKROOT = iphoneos;
				SWIFT_COMPILATION_MODE = wholemodule;
				SWIFT_OPTIMIZATION_LEVEL = "-O";
				VALIDATE_PRODUCT = YES;
			};
			name = Release;
		};
		5E0664B42260D18A006BD894 /* Debug */ = {
			isa = XCBuildConfiguration;
			baseConfigurationReference = EABD185D3C503F16AFD0FC77 /* Pods-Virtual Tourist.debug.xcconfig */;
			buildSettings = {
				ASSETCATALOG_COMPILER_APPICON_NAME = AppIcon;
				CODE_SIGN_STYLE = Automatic;
				DEVELOPMENT_TEAM = J453HX9N2X;
				INFOPLIST_FILE = "Virtual Tourist/Info.plist";
				IPHONEOS_DEPLOYMENT_TARGET = 12.0;
				LD_RUNPATH_SEARCH_PATHS = (
					"$(inherited)",
					"@executable_path/Frameworks",
				);
				PRODUCT_BUNDLE_IDENTIFIER = "com.el3ankaboot.Virtual-Tourist";
				PRODUCT_NAME = "$(TARGET_NAME)";
				SWIFT_VERSION = 4.2;
				TARGETED_DEVICE_FAMILY = "1,2";
			};
			name = Debug;
		};
		5E0664B52260D18A006BD894 /* Release */ = {
			isa = XCBuildConfiguration;
			baseConfigurationReference = 7642FC938F157D3455DC4B63 /* Pods-Virtual Tourist.release.xcconfig */;
			buildSettings = {
				ASSETCATALOG_COMPILER_APPICON_NAME = AppIcon;
				CODE_SIGN_STYLE = Automatic;
				DEVELOPMENT_TEAM = J453HX9N2X;
				INFOPLIST_FILE = "Virtual Tourist/Info.plist";
				IPHONEOS_DEPLOYMENT_TARGET = 12.0;
				LD_RUNPATH_SEARCH_PATHS = (
					"$(inherited)",
					"@executable_path/Frameworks",
				);
				PRODUCT_BUNDLE_IDENTIFIER = "com.el3ankaboot.Virtual-Tourist";
				PRODUCT_NAME = "$(TARGET_NAME)";
				SWIFT_VERSION = 4.2;
				TARGETED_DEVICE_FAMILY = "1,2";
			};
			name = Release;
		};
/* End XCBuildConfiguration section */

/* Begin XCConfigurationList section */
		5E06649C2260D184006BD894 /* Build configuration list for PBXProject "Virtual Tourist" */ = {
			isa = XCConfigurationList;
			buildConfigurations = (
				5E0664B12260D18A006BD894 /* Debug */,
				5E0664B22260D18A006BD894 /* Release */,
			);
			defaultConfigurationIsVisible = 0;
			defaultConfigurationName = Release;
		};
		5E0664B32260D18A006BD894 /* Build configuration list for PBXNativeTarget "Virtual Tourist" */ = {
			isa = XCConfigurationList;
			buildConfigurations = (
				5E0664B42260D18A006BD894 /* Debug */,
				5E0664B52260D18A006BD894 /* Release */,
			);
			defaultConfigurationIsVisible = 0;
			defaultConfigurationName = Release;
		};
/* End XCConfigurationList section */

/* Begin XCVersionGroup section */
		5E0DCE83226A154E00170740 /* VirtualTourist.xcdatamodeld */ = {
			isa = XCVersionGroup;
			children = (
				5E0DCE84226A154E00170740 /* VirtualTourist.xcdatamodel */,
			);
			currentVersion = 5E0DCE84226A154E00170740 /* VirtualTourist.xcdatamodel */;
			path = VirtualTourist.xcdatamodeld;
			sourceTree = "<group>";
			versionGroupType = wrapper.xcdatamodel;
		};
/* End XCVersionGroup section */
	};
	rootObject = 5E0664992260D184006BD894 /* Project object */;
}
